dependencies:
- name: ravnar
  repository: oci://quay.io/nebari/charts
  version: 0.0.10
- name: nebari-app
  repository: file://../../../nebari-operator/charts/nebari-app
  version: 0.1.0
digest: sha256:0610b6475dddc0e46eac759504f05beb275db5dc9f41f4ff62179b6893420fa6
generated: "2026-07-02T14:49:59.075241316+02:00"
